
Microsoft Visual Studio Solution File, Format Version 12.00
# Visual Studio Version 16
VisualStudioVersion = 16.0.29021.104
MinimumVisualStudioVersion = 10.0.40219.1
Project("{FAE04EC0-301F-11D3-BF4B-00C04F79EFBC}") = "Main", "Main\Main.csproj", "{3BDFA0A4-29AC-4144-876E-B8F6D9539166}"
EndProject
Project("{FAE04EC0-301F-11D3-BF4B-00C04F79EFBC}") = "DealPLC", "DealPLC\DealPLC.csproj", "{E0C69D39-3105-480B-BBFE-26DC4F886864}"
EndProject
Project("{FAE04EC0-301F-11D3-BF4B-00C04F79EFBC}") = "DealRobot", "DealRobot\DealRobot.csproj", "{2429126B-59E1-4D64-8A0C-45FD56B5B672}"
EndProject
Project("{FAE04EC0-301F-11D3-BF4B-00C04F79EFBC}") = "DealCustom", "DealCustom\DealCustom.csproj", "{3974E209-0040-4669-BA30-F8E96F0AC1DC}"
EndProject
Project("{FAE04EC0-301F-11D3-BF4B-00C04F79EFBC}") = "DealMedia", "DealMedia\DealMedia.csproj", "{54C59074-7549-4DF5-8549-97AC9E64C236}"
EndProject
Project("{FAE04EC0-301F-11D3-BF4B-00C04F79EFBC}") = "DealIO", "DealIO\DealIO.csproj", "{DDBA8EC6-C123-48A5-A0F6-85607194CC7E}"
EndProject
Project("{FAE04EC0-301F-11D3-BF4B-00C04F79EFBC}") = "DealImageProcess_EX", "DealImageProcess_EX\DealImageProcess_EX.csproj", "{E0997E87-4BBB-448D-BB72-F4F67C9DE067}"
EndProject
Project("{FAE04EC0-301F-11D3-BF4B-00C04F79EFBC}") = "DealResult_EX", "DealResult_EX\DealResult_EX.csproj", "{03D4ADBC-D00B-4B11-885F-26AEA8CDD821}"
EndProject
Project("{FAE04EC0-301F-11D3-BF4B-00C04F79EFBC}") = "Main_EX", "Main_Ex\Main_EX.csproj", "{3681D245-51CD-41E9-8031-93617ADC66C8}"
EndProject
Project("{FAE04EC0-301F-11D3-BF4B-00C04F79EFBC}") = "DealImageProcess_FunEX", "DealImageProcess_FunEX\DealImageProcess_FunEX.csproj", "{D68A9BD3-9CFB-4B69-9508-3E7F22D27A37}"
EndProject
Project("{FAE04EC0-301F-11D3-BF4B-00C04F79EFBC}") = "ModulePackage", "ModulePackage\ModulePackage.csproj", "{4B466AE3-55BF-4D8B-A328-83792F7B49B0}"
EndProject
Project("{FAE04EC0-301F-11D3-BF4B-00C04F79EFBC}") = "DealConfigFile", "DealConfigFile\DealConfigFile.csproj", "{5713E4A9-45BD-4D40-9EF5-81B679F605EA}"
EndProject
Project("{FAE04EC0-301F-11D3-BF4B-00C04F79EFBC}") = "CustomUI", "CustomUI\CustomUI.csproj", "{F5D87732-A06B-4AD6-8F4B-6C79584EC69B}"
EndProject
Project("{FAE04EC0-301F-11D3-BF4B-00C04F79EFBC}") = "StationDataManager", "StationDataManager\StationDataManager.csproj", "{7E1C1312-9C70-4593-8FA4-C8D83D42F2BA}"
EndProject
Project("{FAE04EC0-301F-11D3-BF4B-00C04F79EFBC}") = "DealCIM", "DealCIM\DealCIM.csproj", "{B8203736-3A4C-4B7E-BA54-12AB3B0DEBA2}"
EndProject
Global
	GlobalSection(SolutionConfigurationPlatforms) = preSolution
		Debug|Any CPU = Debug|Any CPU
		Debug|Mixed Platforms = Debug|Mixed Platforms
		Debug|Win32 = Debug|Win32
		Debug|x64 = Debug|x64
		Debug|x86 = Debug|x86
		Release|Any CPU = Release|Any CPU
		Release|Mixed Platforms = Release|Mixed Platforms
		Release|Win32 = Release|Win32
		Release|x64 = Release|x64
		Release|x86 = Release|x86
	EndGlobalSection
	GlobalSection(ProjectConfigurationPlatforms) = postSolution
		{3BDFA0A4-29AC-4144-876E-B8F6D9539166}.Debug|Any CPU.ActiveCfg = Debug|Any CPU
		{3BDFA0A4-29AC-4144-876E-B8F6D9539166}.Debug|Any CPU.Build.0 = Debug|Any CPU
		{3BDFA0A4-29AC-4144-876E-B8F6D9539166}.Debug|Mixed Platforms.ActiveCfg = Debug|Any CPU
		{3BDFA0A4-29AC-4144-876E-B8F6D9539166}.Debug|Mixed Platforms.Build.0 = Debug|Any CPU
		{3BDFA0A4-29AC-4144-876E-B8F6D9539166}.Debug|Win32.ActiveCfg = Debug|x86
		{3BDFA0A4-29AC-4144-876E-B8F6D9539166}.Debug|x64.ActiveCfg = Debug|x64
		{3BDFA0A4-29AC-4144-876E-B8F6D9539166}.Debug|x64.Build.0 = Debug|x64
		{3BDFA0A4-29AC-4144-876E-B8F6D9539166}.Debug|x86.ActiveCfg = Debug|x86
		{3BDFA0A4-29AC-4144-876E-B8F6D9539166}.Debug|x86.Build.0 = Debug|x86
		{3BDFA0A4-29AC-4144-876E-B8F6D9539166}.Release|Any CPU.ActiveCfg = Release|x86
		{3BDFA0A4-29AC-4144-876E-B8F6D9539166}.Release|Mixed Platforms.ActiveCfg = Release|x86
		{3BDFA0A4-29AC-4144-876E-B8F6D9539166}.Release|Mixed Platforms.Build.0 = Release|x86
		{3BDFA0A4-29AC-4144-876E-B8F6D9539166}.Release|Win32.ActiveCfg = Release|x86
		{3BDFA0A4-29AC-4144-876E-B8F6D9539166}.Release|x64.ActiveCfg = Release|x86
		{3BDFA0A4-29AC-4144-876E-B8F6D9539166}.Release|x86.ActiveCfg = Release|x86
		{3BDFA0A4-29AC-4144-876E-B8F6D9539166}.Release|x86.Build.0 = Release|x86
		{E0C69D39-3105-480B-BBFE-26DC4F886864}.Debug|Any CPU.ActiveCfg = Debug|Any CPU
		{E0C69D39-3105-480B-BBFE-26DC4F886864}.Debug|Any CPU.Build.0 = Debug|Any CPU
		{E0C69D39-3105-480B-BBFE-26DC4F886864}.Debug|Mixed Platforms.ActiveCfg = Debug|Any CPU
		{E0C69D39-3105-480B-BBFE-26DC4F886864}.Debug|Mixed Platforms.Build.0 = Debug|Any CPU
		{E0C69D39-3105-480B-BBFE-26DC4F886864}.Debug|Win32.ActiveCfg = Debug|x86
		{E0C69D39-3105-480B-BBFE-26DC4F886864}.Debug|x64.ActiveCfg = Debug|x64
		{E0C69D39-3105-480B-BBFE-26DC4F886864}.Debug|x64.Build.0 = Debug|x64
		{E0C69D39-3105-480B-BBFE-26DC4F886864}.Debug|x86.ActiveCfg = Debug|x86
		{E0C69D39-3105-480B-BBFE-26DC4F886864}.Debug|x86.Build.0 = Debug|x86
		{E0C69D39-3105-480B-BBFE-26DC4F886864}.Release|Any CPU.ActiveCfg = Release|x86
		{E0C69D39-3105-480B-BBFE-26DC4F886864}.Release|Mixed Platforms.ActiveCfg = Release|x86
		{E0C69D39-3105-480B-BBFE-26DC4F886864}.Release|Mixed Platforms.Build.0 = Release|x86
		{E0C69D39-3105-480B-BBFE-26DC4F886864}.Release|Win32.ActiveCfg = Release|x86
		{E0C69D39-3105-480B-BBFE-26DC4F886864}.Release|x64.ActiveCfg = Release|x64
		{E0C69D39-3105-480B-BBFE-26DC4F886864}.Release|x64.Build.0 = Release|x64
		{E0C69D39-3105-480B-BBFE-26DC4F886864}.Release|x86.ActiveCfg = Release|x86
		{E0C69D39-3105-480B-BBFE-26DC4F886864}.Release|x86.Build.0 = Release|x86
		{2429126B-59E1-4D64-8A0C-45FD56B5B672}.Debug|Any CPU.ActiveCfg = Debug|Any CPU
		{2429126B-59E1-4D64-8A0C-45FD56B5B672}.Debug|Any CPU.Build.0 = Debug|Any CPU
		{2429126B-59E1-4D64-8A0C-45FD56B5B672}.Debug|Mixed Platforms.ActiveCfg = Debug|Any CPU
		{2429126B-59E1-4D64-8A0C-45FD56B5B672}.Debug|Mixed Platforms.Build.0 = Debug|Any CPU
		{2429126B-59E1-4D64-8A0C-45FD56B5B672}.Debug|Win32.ActiveCfg = Debug|x86
		{2429126B-59E1-4D64-8A0C-45FD56B5B672}.Debug|x64.ActiveCfg = Debug|x64
		{2429126B-59E1-4D64-8A0C-45FD56B5B672}.Debug|x86.ActiveCfg = Debug|x86
		{2429126B-59E1-4D64-8A0C-45FD56B5B672}.Debug|x86.Build.0 = Debug|x86
		{2429126B-59E1-4D64-8A0C-45FD56B5B672}.Release|Any CPU.ActiveCfg = Release|x86
		{2429126B-59E1-4D64-8A0C-45FD56B5B672}.Release|Mixed Platforms.ActiveCfg = Release|x86
		{2429126B-59E1-4D64-8A0C-45FD56B5B672}.Release|Mixed Platforms.Build.0 = Release|x86
		{2429126B-59E1-4D64-8A0C-45FD56B5B672}.Release|Win32.ActiveCfg = Release|x86
		{2429126B-59E1-4D64-8A0C-45FD56B5B672}.Release|x64.ActiveCfg = Release|x64
		{2429126B-59E1-4D64-8A0C-45FD56B5B672}.Release|x64.Build.0 = Release|x64
		{2429126B-59E1-4D64-8A0C-45FD56B5B672}.Release|x86.ActiveCfg = Release|x86
		{2429126B-59E1-4D64-8A0C-45FD56B5B672}.Release|x86.Build.0 = Release|x86
		{3974E209-0040-4669-BA30-F8E96F0AC1DC}.Debug|Any CPU.ActiveCfg = Debug|Any CPU
		{3974E209-0040-4669-BA30-F8E96F0AC1DC}.Debug|Any CPU.Build.0 = Debug|Any CPU
		{3974E209-0040-4669-BA30-F8E96F0AC1DC}.Debug|Mixed Platforms.ActiveCfg = Debug|Any CPU
		{3974E209-0040-4669-BA30-F8E96F0AC1DC}.Debug|Mixed Platforms.Build.0 = Debug|Any CPU
		{3974E209-0040-4669-BA30-F8E96F0AC1DC}.Debug|Win32.ActiveCfg = Debug|x86
		{3974E209-0040-4669-BA30-F8E96F0AC1DC}.Debug|x64.ActiveCfg = Debug|x64
		{3974E209-0040-4669-BA30-F8E96F0AC1DC}.Debug|x64.Build.0 = Debug|x64
		{3974E209-0040-4669-BA30-F8E96F0AC1DC}.Debug|x86.ActiveCfg = Debug|x86
		{3974E209-0040-4669-BA30-F8E96F0AC1DC}.Debug|x86.Build.0 = Debug|x86
		{3974E209-0040-4669-BA30-F8E96F0AC1DC}.Release|Any CPU.ActiveCfg = Release|x86
		{3974E209-0040-4669-BA30-F8E96F0AC1DC}.Release|Mixed Platforms.ActiveCfg = Release|x86
		{3974E209-0040-4669-BA30-F8E96F0AC1DC}.Release|Mixed Platforms.Build.0 = Release|x86
		{3974E209-0040-4669-BA30-F8E96F0AC1DC}.Release|Win32.ActiveCfg = Release|x86
		{3974E209-0040-4669-BA30-F8E96F0AC1DC}.Release|x64.ActiveCfg = Release|x64
		{3974E209-0040-4669-BA30-F8E96F0AC1DC}.Release|x64.Build.0 = Release|x64
		{3974E209-0040-4669-BA30-F8E96F0AC1DC}.Release|x86.ActiveCfg = Release|x86
		{3974E209-0040-4669-BA30-F8E96F0AC1DC}.Release|x86.Build.0 = Release|x86
		{54C59074-7549-4DF5-8549-97AC9E64C236}.Debug|Any CPU.ActiveCfg = Debug|Any CPU
		{54C59074-7549-4DF5-8549-97AC9E64C236}.Debug|Any CPU.Build.0 = Debug|Any CPU
		{54C59074-7549-4DF5-8549-97AC9E64C236}.Debug|Mixed Platforms.ActiveCfg = Debug|Any CPU
		{54C59074-7549-4DF5-8549-97AC9E64C236}.Debug|Mixed Platforms.Build.0 = Debug|Any CPU
		{54C59074-7549-4DF5-8549-97AC9E64C236}.Debug|Win32.ActiveCfg = Debug|x86
		{54C59074-7549-4DF5-8549-97AC9E64C236}.Debug|x64.ActiveCfg = Debug|x64
		{54C59074-7549-4DF5-8549-97AC9E64C236}.Debug|x64.Build.0 = Debug|x64
		{54C59074-7549-4DF5-8549-97AC9E64C236}.Debug|x86.ActiveCfg = Debug|x86
		{54C59074-7549-4DF5-8549-97AC9E64C236}.Debug|x86.Build.0 = Debug|x86
		{54C59074-7549-4DF5-8549-97AC9E64C236}.Release|Any CPU.ActiveCfg = Release|x86
		{54C59074-7549-4DF5-8549-97AC9E64C236}.Release|Mixed Platforms.ActiveCfg = Release|x86
		{54C59074-7549-4DF5-8549-97AC9E64C236}.Release|Mixed Platforms.Build.0 = Release|x86
		{54C59074-7549-4DF5-8549-97AC9E64C236}.Release|Win32.ActiveCfg = Release|x86
		{54C59074-7549-4DF5-8549-97AC9E64C236}.Release|x64.ActiveCfg = Release|x64
		{54C59074-7549-4DF5-8549-97AC9E64C236}.Release|x64.Build.0 = Release|x64
		{54C59074-7549-4DF5-8549-97AC9E64C236}.Release|x86.ActiveCfg = Release|x86
		{54C59074-7549-4DF5-8549-97AC9E64C236}.Release|x86.Build.0 = Release|x86
		{DDBA8EC6-C123-48A5-A0F6-85607194CC7E}.Debug|Any CPU.ActiveCfg = Debug|Any CPU
		{DDBA8EC6-C123-48A5-A0F6-85607194CC7E}.Debug|Any CPU.Build.0 = Debug|Any CPU
		{DDBA8EC6-C123-48A5-A0F6-85607194CC7E}.Debug|Mixed Platforms.ActiveCfg = Debug|Any CPU
		{DDBA8EC6-C123-48A5-A0F6-85607194CC7E}.Debug|Mixed Platforms.Build.0 = Debug|Any CPU
		{DDBA8EC6-C123-48A5-A0F6-85607194CC7E}.Debug|Win32.ActiveCfg = Debug|x86
		{DDBA8EC6-C123-48A5-A0F6-85607194CC7E}.Debug|x64.ActiveCfg = Debug|x64
		{DDBA8EC6-C123-48A5-A0F6-85607194CC7E}.Debug|x64.Build.0 = Debug|x64
		{DDBA8EC6-C123-48A5-A0F6-85607194CC7E}.Debug|x86.ActiveCfg = Debug|x86
		{DDBA8EC6-C123-48A5-A0F6-85607194CC7E}.Debug|x86.Build.0 = Debug|x86
		{DDBA8EC6-C123-48A5-A0F6-85607194CC7E}.Release|Any CPU.ActiveCfg = Release|x86
		{DDBA8EC6-C123-48A5-A0F6-85607194CC7E}.Release|Mixed Platforms.ActiveCfg = Release|x86
		{DDBA8EC6-C123-48A5-A0F6-85607194CC7E}.Release|Mixed Platforms.Build.0 = Release|x86
		{DDBA8EC6-C123-48A5-A0F6-85607194CC7E}.Release|Win32.ActiveCfg = Release|x86
		{DDBA8EC6-C123-48A5-A0F6-85607194CC7E}.Release|x64.ActiveCfg = Release|x64
		{DDBA8EC6-C123-48A5-A0F6-85607194CC7E}.Release|x64.Build.0 = Release|x64
		{DDBA8EC6-C123-48A5-A0F6-85607194CC7E}.Release|x86.ActiveCfg = Release|x86
		{DDBA8EC6-C123-48A5-A0F6-85607194CC7E}.Release|x86.Build.0 = Release|x86
		{E0997E87-4BBB-448D-BB72-F4F67C9DE067}.Debug|Any CPU.ActiveCfg = Debug|Any CPU
		{E0997E87-4BBB-448D-BB72-F4F67C9DE067}.Debug|Any CPU.Build.0 = Debug|Any CPU
		{E0997E87-4BBB-448D-BB72-F4F67C9DE067}.Debug|Mixed Platforms.ActiveCfg = Debug|Any CPU
		{E0997E87-4BBB-448D-BB72-F4F67C9DE067}.Debug|Mixed Platforms.Build.0 = Debug|Any CPU
		{E0997E87-4BBB-448D-BB72-F4F67C9DE067}.Debug|Win32.ActiveCfg = Debug|Any CPU
		{E0997E87-4BBB-448D-BB72-F4F67C9DE067}.Debug|x64.ActiveCfg = Debug|x86
		{E0997E87-4BBB-448D-BB72-F4F67C9DE067}.Debug|x86.ActiveCfg = Debug|x86
		{E0997E87-4BBB-448D-BB72-F4F67C9DE067}.Debug|x86.Build.0 = Debug|x86
		{E0997E87-4BBB-448D-BB72-F4F67C9DE067}.Release|Any CPU.ActiveCfg = Release|Any CPU
		{E0997E87-4BBB-448D-BB72-F4F67C9DE067}.Release|Any CPU.Build.0 = Release|Any CPU
		{E0997E87-4BBB-448D-BB72-F4F67C9DE067}.Release|Mixed Platforms.ActiveCfg = Release|Any CPU
		{E0997E87-4BBB-448D-BB72-F4F67C9DE067}.Release|Mixed Platforms.Build.0 = Release|Any CPU
		{E0997E87-4BBB-448D-BB72-F4F67C9DE067}.Release|Win32.ActiveCfg = Release|Any CPU
		{E0997E87-4BBB-448D-BB72-F4F67C9DE067}.Release|x64.ActiveCfg = Release|x86
		{E0997E87-4BBB-448D-BB72-F4F67C9DE067}.Release|x86.ActiveCfg = Release|x86
		{E0997E87-4BBB-448D-BB72-F4F67C9DE067}.Release|x86.Build.0 = Release|x86
		{03D4ADBC-D00B-4B11-885F-26AEA8CDD821}.Debug|Any CPU.ActiveCfg = Debug|x86
		{03D4ADBC-D00B-4B11-885F-26AEA8CDD821}.Debug|Mixed Platforms.ActiveCfg = Debug|Any CPU
		{03D4ADBC-D00B-4B11-885F-26AEA8CDD821}.Debug|Mixed Platforms.Build.0 = Debug|Any CPU
		{03D4ADBC-D00B-4B11-885F-26AEA8CDD821}.Debug|Win32.ActiveCfg = Debug|x86
		{03D4ADBC-D00B-4B11-885F-26AEA8CDD821}.Debug|x64.ActiveCfg = Debug|x86
		{03D4ADBC-D00B-4B11-885F-26AEA8CDD821}.Debug|x86.ActiveCfg = Debug|x86
		{03D4ADBC-D00B-4B11-885F-26AEA8CDD821}.Debug|x86.Build.0 = Debug|x86
		{03D4ADBC-D00B-4B11-885F-26AEA8CDD821}.Release|Any CPU.ActiveCfg = Release|x86
		{03D4ADBC-D00B-4B11-885F-26AEA8CDD821}.Release|Mixed Platforms.ActiveCfg = Release|x86
		{03D4ADBC-D00B-4B11-885F-26AEA8CDD821}.Release|Mixed Platforms.Build.0 = Release|x86
		{03D4ADBC-D00B-4B11-885F-26AEA8CDD821}.Release|Win32.ActiveCfg = Release|x86
		{03D4ADBC-D00B-4B11-885F-26AEA8CDD821}.Release|x64.ActiveCfg = Release|x86
		{03D4ADBC-D00B-4B11-885F-26AEA8CDD821}.Release|x86.ActiveCfg = Release|x86
		{03D4ADBC-D00B-4B11-885F-26AEA8CDD821}.Release|x86.Build.0 = Release|x86
		{3681D245-51CD-41E9-8031-93617ADC66C8}.Debug|Any CPU.ActiveCfg = Debug|Any CPU
		{3681D245-51CD-41E9-8031-93617ADC66C8}.Debug|Any CPU.Build.0 = Debug|Any CPU
		{3681D245-51CD-41E9-8031-93617ADC66C8}.Debug|Mixed Platforms.ActiveCfg = Debug|Any CPU
		{3681D245-51CD-41E9-8031-93617ADC66C8}.Debug|Mixed Platforms.Build.0 = Debug|Any CPU
		{3681D245-51CD-41E9-8031-93617ADC66C8}.Debug|Win32.ActiveCfg = Debug|Any CPU
		{3681D245-51CD-41E9-8031-93617ADC66C8}.Debug|x64.ActiveCfg = Debug|x86
		{3681D245-51CD-41E9-8031-93617ADC66C8}.Debug|x86.ActiveCfg = Debug|x86
		{3681D245-51CD-41E9-8031-93617ADC66C8}.Debug|x86.Build.0 = Debug|x86
		{3681D245-51CD-41E9-8031-93617ADC66C8}.Release|Any CPU.ActiveCfg = Release|Any CPU
		{3681D245-51CD-41E9-8031-93617ADC66C8}.Release|Any CPU.Build.0 = Release|Any CPU
		{3681D245-51CD-41E9-8031-93617ADC66C8}.Release|Mixed Platforms.ActiveCfg = Release|Any CPU
		{3681D245-51CD-41E9-8031-93617ADC66C8}.Release|Mixed Platforms.Build.0 = Release|Any CPU
		{3681D245-51CD-41E9-8031-93617ADC66C8}.Release|Win32.ActiveCfg = Release|Any CPU
		{3681D245-51CD-41E9-8031-93617ADC66C8}.Release|x64.ActiveCfg = Release|x86
		{3681D245-51CD-41E9-8031-93617ADC66C8}.Release|x86.ActiveCfg = Release|x86
		{3681D245-51CD-41E9-8031-93617ADC66C8}.Release|x86.Build.0 = Release|x86
		{D68A9BD3-9CFB-4B69-9508-3E7F22D27A37}.Debug|Any CPU.ActiveCfg = Debug|Any CPU
		{D68A9BD3-9CFB-4B69-9508-3E7F22D27A37}.Debug|Any CPU.Build.0 = Debug|Any CPU
		{D68A9BD3-9CFB-4B69-9508-3E7F22D27A37}.Debug|Mixed Platforms.ActiveCfg = Debug|Any CPU
		{D68A9BD3-9CFB-4B69-9508-3E7F22D27A37}.Debug|Mixed Platforms.Build.0 = Debug|Any CPU
		{D68A9BD3-9CFB-4B69-9508-3E7F22D27A37}.Debug|Win32.ActiveCfg = Debug|Any CPU
		{D68A9BD3-9CFB-4B69-9508-3E7F22D27A37}.Debug|x64.ActiveCfg = Debug|x86
		{D68A9BD3-9CFB-4B69-9508-3E7F22D27A37}.Debug|x86.ActiveCfg = Debug|x86
		{D68A9BD3-9CFB-4B69-9508-3E7F22D27A37}.Debug|x86.Build.0 = Debug|x86
		{D68A9BD3-9CFB-4B69-9508-3E7F22D27A37}.Release|Any CPU.ActiveCfg = Release|Any CPU
		{D68A9BD3-9CFB-4B69-9508-3E7F22D27A37}.Release|Any CPU.Build.0 = Release|Any CPU
		{D68A9BD3-9CFB-4B69-9508-3E7F22D27A37}.Release|Mixed Platforms.ActiveCfg = Release|Any CPU
		{D68A9BD3-9CFB-4B69-9508-3E7F22D27A37}.Release|Mixed Platforms.Build.0 = Release|Any CPU
		{D68A9BD3-9CFB-4B69-9508-3E7F22D27A37}.Release|Win32.ActiveCfg = Release|Any CPU
		{D68A9BD3-9CFB-4B69-9508-3E7F22D27A37}.Release|x64.ActiveCfg = Release|x86
		{D68A9BD3-9CFB-4B69-9508-3E7F22D27A37}.Release|x86.ActiveCfg = Release|x86
		{D68A9BD3-9CFB-4B69-9508-3E7F22D27A37}.Release|x86.Build.0 = Release|x86
		{4B466AE3-55BF-4D8B-A328-83792F7B49B0}.Debug|Any CPU.ActiveCfg = Debug|Any CPU
		{4B466AE3-55BF-4D8B-A328-83792F7B49B0}.Debug|Any CPU.Build.0 = Debug|Any CPU
		{4B466AE3-55BF-4D8B-A328-83792F7B49B0}.Debug|Mixed Platforms.ActiveCfg = Debug|Any CPU
		{4B466AE3-55BF-4D8B-A328-83792F7B49B0}.Debug|Mixed Platforms.Build.0 = Debug|Any CPU
		{4B466AE3-55BF-4D8B-A328-83792F7B49B0}.Debug|Win32.ActiveCfg = Debug|Any CPU
		{4B466AE3-55BF-4D8B-A328-83792F7B49B0}.Debug|Win32.Build.0 = Debug|Any CPU
		{4B466AE3-55BF-4D8B-A328-83792F7B49B0}.Debug|x64.ActiveCfg = Debug|Any CPU
		{4B466AE3-55BF-4D8B-A328-83792F7B49B0}.Debug|x64.Build.0 = Debug|Any CPU
		{4B466AE3-55BF-4D8B-A328-83792F7B49B0}.Debug|x86.ActiveCfg = Debug|Any CPU
		{4B466AE3-55BF-4D8B-A328-83792F7B49B0}.Debug|x86.Build.0 = Debug|Any CPU
		{4B466AE3-55BF-4D8B-A328-83792F7B49B0}.Release|Any CPU.ActiveCfg = Release|Any CPU
		{4B466AE3-55BF-4D8B-A328-83792F7B49B0}.Release|Any CPU.Build.0 = Release|Any CPU
		{4B466AE3-55BF-4D8B-A328-83792F7B49B0}.Release|Mixed Platforms.ActiveCfg = Release|Any CPU
		{4B466AE3-55BF-4D8B-A328-83792F7B49B0}.Release|Mixed Platforms.Build.0 = Release|Any CPU
		{4B466AE3-55BF-4D8B-A328-83792F7B49B0}.Release|Win32.ActiveCfg = Release|Any CPU
		{4B466AE3-55BF-4D8B-A328-83792F7B49B0}.Release|Win32.Build.0 = Release|Any CPU
		{4B466AE3-55BF-4D8B-A328-83792F7B49B0}.Release|x64.ActiveCfg = Release|Any CPU
		{4B466AE3-55BF-4D8B-A328-83792F7B49B0}.Release|x64.Build.0 = Release|Any CPU
		{4B466AE3-55BF-4D8B-A328-83792F7B49B0}.Release|x86.ActiveCfg = Release|Any CPU
		{4B466AE3-55BF-4D8B-A328-83792F7B49B0}.Release|x86.Build.0 = Release|Any CPU
		{5713E4A9-45BD-4D40-9EF5-81B679F605EA}.Debug|Any CPU.ActiveCfg = Debug|Any CPU
		{5713E4A9-45BD-4D40-9EF5-81B679F605EA}.Debug|Any CPU.Build.0 = Debug|Any CPU
		{5713E4A9-45BD-4D40-9EF5-81B679F605EA}.Debug|Mixed Platforms.ActiveCfg = Debug|x86
		{5713E4A9-45BD-4D40-9EF5-81B679F605EA}.Debug|Mixed Platforms.Build.0 = Debug|x86
		{5713E4A9-45BD-4D40-9EF5-81B679F605EA}.Debug|Win32.ActiveCfg = Debug|x86
		{5713E4A9-45BD-4D40-9EF5-81B679F605EA}.Debug|Win32.Build.0 = Debug|x86
		{5713E4A9-45BD-4D40-9EF5-81B679F605EA}.Debug|x64.ActiveCfg = Debug|x64
		{5713E4A9-45BD-4D40-9EF5-81B679F605EA}.Debug|x64.Build.0 = Debug|x64
		{5713E4A9-45BD-4D40-9EF5-81B679F605EA}.Debug|x86.ActiveCfg = Debug|x86
		{5713E4A9-45BD-4D40-9EF5-81B679F605EA}.Debug|x86.Build.0 = Debug|x86
		{5713E4A9-45BD-4D40-9EF5-81B679F605EA}.Release|Any CPU.ActiveCfg = Release|Any CPU
		{5713E4A9-45BD-4D40-9EF5-81B679F605EA}.Release|Any CPU.Build.0 = Release|Any CPU
		{5713E4A9-45BD-4D40-9EF5-81B679F605EA}.Release|Mixed Platforms.ActiveCfg = Release|x86
		{5713E4A9-45BD-4D40-9EF5-81B679F605EA}.Release|Mixed Platforms.Build.0 = Release|x86
		{5713E4A9-45BD-4D40-9EF5-81B679F605EA}.Release|Win32.ActiveCfg = Release|x86
		{5713E4A9-45BD-4D40-9EF5-81B679F605EA}.Release|Win32.Build.0 = Release|x86
		{5713E4A9-45BD-4D40-9EF5-81B679F605EA}.Release|x64.ActiveCfg = Release|x64
		{5713E4A9-45BD-4D40-9EF5-81B679F605EA}.Release|x64.Build.0 = Release|x64
		{5713E4A9-45BD-4D40-9EF5-81B679F605EA}.Release|x86.ActiveCfg = Release|x86
		{5713E4A9-45BD-4D40-9EF5-81B679F605EA}.Release|x86.Build.0 = Release|x86
		{F5D87732-A06B-4AD6-8F4B-6C79584EC69B}.Debug|Any CPU.ActiveCfg = Debug|Any CPU
		{F5D87732-A06B-4AD6-8F4B-6C79584EC69B}.Debug|Any CPU.Build.0 = Debug|Any CPU
		{F5D87732-A06B-4AD6-8F4B-6C79584EC69B}.Debug|Mixed Platforms.ActiveCfg = Debug|Any CPU
		{F5D87732-A06B-4AD6-8F4B-6C79584EC69B}.Debug|Mixed Platforms.Build.0 = Debug|Any CPU
		{F5D87732-A06B-4AD6-8F4B-6C79584EC69B}.Debug|Win32.ActiveCfg = Debug|Any CPU
		{F5D87732-A06B-4AD6-8F4B-6C79584EC69B}.Debug|Win32.Build.0 = Debug|Any CPU
		{F5D87732-A06B-4AD6-8F4B-6C79584EC69B}.Debug|x64.ActiveCfg = Debug|Any CPU
		{F5D87732-A06B-4AD6-8F4B-6C79584EC69B}.Debug|x64.Build.0 = Debug|Any CPU
		{F5D87732-A06B-4AD6-8F4B-6C79584EC69B}.Debug|x86.ActiveCfg = Debug|Any CPU
		{F5D87732-A06B-4AD6-8F4B-6C79584EC69B}.Debug|x86.Build.0 = Debug|Any CPU
		{F5D87732-A06B-4AD6-8F4B-6C79584EC69B}.Release|Any CPU.ActiveCfg = Release|Any CPU
		{F5D87732-A06B-4AD6-8F4B-6C79584EC69B}.Release|Any CPU.Build.0 = Release|Any CPU
		{F5D87732-A06B-4AD6-8F4B-6C79584EC69B}.Release|Mixed Platforms.ActiveCfg = Release|Any CPU
		{F5D87732-A06B-4AD6-8F4B-6C79584EC69B}.Release|Mixed Platforms.Build.0 = Release|Any CPU
		{F5D87732-A06B-4AD6-8F4B-6C79584EC69B}.Release|Win32.ActiveCfg = Release|Any CPU
		{F5D87732-A06B-4AD6-8F4B-6C79584EC69B}.Release|Win32.Build.0 = Release|Any CPU
		{F5D87732-A06B-4AD6-8F4B-6C79584EC69B}.Release|x64.ActiveCfg = Release|Any CPU
		{F5D87732-A06B-4AD6-8F4B-6C79584EC69B}.Release|x64.Build.0 = Release|Any CPU
		{F5D87732-A06B-4AD6-8F4B-6C79584EC69B}.Release|x86.ActiveCfg = Release|Any CPU
		{F5D87732-A06B-4AD6-8F4B-6C79584EC69B}.Release|x86.Build.0 = Release|Any CPU
		{7E1C1312-9C70-4593-8FA4-C8D83D42F2BA}.Debug|Any CPU.ActiveCfg = Debug|Any CPU
		{7E1C1312-9C70-4593-8FA4-C8D83D42F2BA}.Debug|Any CPU.Build.0 = Debug|Any CPU
		{7E1C1312-9C70-4593-8FA4-C8D83D42F2BA}.Debug|Mixed Platforms.ActiveCfg = Debug|Any CPU
		{7E1C1312-9C70-4593-8FA4-C8D83D42F2BA}.Debug|Mixed Platforms.Build.0 = Debug|Any CPU
		{7E1C1312-9C70-4593-8FA4-C8D83D42F2BA}.Debug|Win32.ActiveCfg = Debug|Any CPU
		{7E1C1312-9C70-4593-8FA4-C8D83D42F2BA}.Debug|Win32.Build.0 = Debug|Any CPU
		{7E1C1312-9C70-4593-8FA4-C8D83D42F2BA}.Debug|x64.ActiveCfg = Debug|Any CPU
		{7E1C1312-9C70-4593-8FA4-C8D83D42F2BA}.Debug|x64.Build.0 = Debug|Any CPU
		{7E1C1312-9C70-4593-8FA4-C8D83D42F2BA}.Debug|x86.ActiveCfg = Debug|Any CPU
		{7E1C1312-9C70-4593-8FA4-C8D83D42F2BA}.Debug|x86.Build.0 = Debug|Any CPU
		{7E1C1312-9C70-4593-8FA4-C8D83D42F2BA}.Release|Any CPU.ActiveCfg = Release|Any CPU
		{7E1C1312-9C70-4593-8FA4-C8D83D42F2BA}.Release|Any CPU.Build.0 = Release|Any CPU
		{7E1C1312-9C70-4593-8FA4-C8D83D42F2BA}.Release|Mixed Platforms.ActiveCfg = Release|Any CPU
		{7E1C1312-9C70-4593-8FA4-C8D83D42F2BA}.Release|Mixed Platforms.Build.0 = Release|Any CPU
		{7E1C1312-9C70-4593-8FA4-C8D83D42F2BA}.Release|Win32.ActiveCfg = Release|Any CPU
		{7E1C1312-9C70-4593-8FA4-C8D83D42F2BA}.Release|Win32.Build.0 = Release|Any CPU
		{7E1C1312-9C70-4593-8FA4-C8D83D42F2BA}.Release|x64.ActiveCfg = Release|Any CPU
		{7E1C1312-9C70-4593-8FA4-C8D83D42F2BA}.Release|x64.Build.0 = Release|Any CPU
		{7E1C1312-9C70-4593-8FA4-C8D83D42F2BA}.Release|x86.ActiveCfg = Release|Any CPU
		{7E1C1312-9C70-4593-8FA4-C8D83D42F2BA}.Release|x86.Build.0 = Release|Any CPU
		{B8203736-3A4C-4B7E-BA54-12AB3B0DEBA2}.Debug|Any CPU.ActiveCfg = Debug|Any CPU
		{B8203736-3A4C-4B7E-BA54-12AB3B0DEBA2}.Debug|Any CPU.Build.0 = Debug|Any CPU
		{B8203736-3A4C-4B7E-BA54-12AB3B0DEBA2}.Debug|Mixed Platforms.ActiveCfg = Debug|x86
		{B8203736-3A4C-4B7E-BA54-12AB3B0DEBA2}.Debug|Mixed Platforms.Build.0 = Debug|x86
		{B8203736-3A4C-4B7E-BA54-12AB3B0DEBA2}.Debug|Win32.ActiveCfg = Debug|x86
		{B8203736-3A4C-4B7E-BA54-12AB3B0DEBA2}.Debug|Win32.Build.0 = Debug|x86
		{B8203736-3A4C-4B7E-BA54-12AB3B0DEBA2}.Debug|x64.ActiveCfg = Debug|x64
		{B8203736-3A4C-4B7E-BA54-12AB3B0DEBA2}.Debug|x64.Build.0 = Debug|x64
		{B8203736-3A4C-4B7E-BA54-12AB3B0DEBA2}.Debug|x86.ActiveCfg = Debug|x86
		{B8203736-3A4C-4B7E-BA54-12AB3B0DEBA2}.Debug|x86.Build.0 = Debug|x86
		{B8203736-3A4C-4B7E-BA54-12AB3B0DEBA2}.Release|Any CPU.ActiveCfg = Release|Any CPU
		{B8203736-3A4C-4B7E-BA54-12AB3B0DEBA2}.Release|Any CPU.Build.0 = Release|Any CPU
		{B8203736-3A4C-4B7E-BA54-12AB3B0DEBA2}.Release|Mixed Platforms.ActiveCfg = Release|x86
		{B8203736-3A4C-4B7E-BA54-12AB3B0DEBA2}.Release|Mixed Platforms.Build.0 = Release|x86
		{B8203736-3A4C-4B7E-BA54-12AB3B0DEBA2}.Release|Win32.ActiveCfg = Release|x86
		{B8203736-3A4C-4B7E-BA54-12AB3B0DEBA2}.Release|Win32.Build.0 = Release|x86
		{B8203736-3A4C-4B7E-BA54-12AB3B0DEBA2}.Release|x64.ActiveCfg = Release|x64
		{B8203736-3A4C-4B7E-BA54-12AB3B0DEBA2}.Release|x64.Build.0 = Release|x64
		{B8203736-3A4C-4B7E-BA54-12AB3B0DEBA2}.Release|x86.ActiveCfg = Release|x86
		{B8203736-3A4C-4B7E-BA54-12AB3B0DEBA2}.Release|x86.Build.0 = Release|x86
	EndGlobalSection
	GlobalSection(SolutionProperties) = preSolution
		HideSolutionNode = FALSE
	EndGlobalSection
	GlobalSection(ExtensibilityGlobals) = postSolution
		SolutionGuid = {CCF4D0A8-6C28-46B5-956C-6619B31383F9}
	EndGlobalSection
EndGlobal
